
Microsoft Visual Studio Solution File, Format Version 12.00
Project("{FAE04EC0-301F-11D3-BF4B-00C04F79EFBC}") = "Pilotiv.AuthorizationAPI.WebUI", "Pilotiv.AuthorizationAPI.WebUI\Pilotiv.AuthorizationAPI.WebUI.csproj", "{3C1C89FF-69A1-447C-8415-A12960AD0F79}"
EndProject
Project("{FAE04EC0-301F-11D3-BF4B-00C04F79EFBC}") = "Pilotiv.AuthorizationAPI.Domain", "Pilotiv.AuthorizationAPI.Domain\Pilotiv.AuthorizationAPI.Domain.csproj", "{52294D5F-324E-4694-9779-324A89BA34C1}"
EndProject
Project("{FAE04EC0-301F-11D3-BF4B-00C04F79EFBC}") = "Pilotiv.AuthorizationAPI.Application", "Pilotiv.AuthorizationAPI.Application\Pilotiv.AuthorizationAPI.Application.csproj", "{67E4F920-AC1B-4846-87FD-4E9C8A1D1B81}"
EndProject
Project("{FAE04EC0-301F-11D3-BF4B-00C04F79EFBC}") = "Pilotiv.AuthorizationAPI.Infrastructure", "Pilotiv.AuthorizationAPI.Infrastructure\Pilotiv.AuthorizationAPI.Infrastructure.csproj", "{AAB6A5DF-C407-4640-8C16-75A642304A8B}"
EndProject
Project("{2150E333-8FDC-42A3-9474-1A3956D46DE8}") = "docker-compose", "docker-compose", "{EAE343E7-547E-4452-A693-F065778F6492}"
	ProjectSection(SolutionItems) = preProject
		docker-compose.yml = docker-compose.yml
		.dockerignore = .dockerignore
	EndProjectSection
EndProject
Project("{2150E333-8FDC-42A3-9474-1A3956D46DE8}") = "Source", "Source", "{9B2C8B40-8996-4B35-B8AC-7D2DDA2D6648}"
EndProject
Project("{2150E333-8FDC-42A3-9474-1A3956D46DE8}") = "Tests", "Tests", "{F9EEA9BB-0C5B-48EC-A9B6-752928B4E92C}"
EndProject
Project("{FAE04EC0-301F-11D3-BF4B-00C04F79EFBC}") = "Pilotiv.AuthorizationAPI.Jwt", "Pilotiv.AuthorizationAPI.Jwt\Pilotiv.AuthorizationAPI.Jwt.csproj", "{5B5072ED-1810-455B-9F20-5323B0CD8235}"
EndProject
Project("{FAE04EC0-301F-11D3-BF4B-00C04F79EFBC}") = "Pilotiv.AuthorizationAPI.Jwt.Tests.Unit", "Pilotiv.AuthorizationAPI.Jwt.Tests.Unit\Pilotiv.AuthorizationAPI.Jwt.Tests.Unit.csproj", "{B1958245-A5A1-4C36-965D-EA447E7D7CFF}"
EndProject
Global
	GlobalSection(SolutionConfigurationPlatforms) = preSolution
		Debug|Any CPU = Debug|Any CPU
		Release|Any CPU = Release|Any CPU
	EndGlobalSection
	GlobalSection(ProjectConfigurationPlatforms) = postSolution
		{3C1C89FF-69A1-447C-8415-A12960AD0F79}.Debug|Any CPU.ActiveCfg = Debug|Any CPU
		{3C1C89FF-69A1-447C-8415-A12960AD0F79}.Debug|Any CPU.Build.0 = Debug|Any CPU
		{3C1C89FF-69A1-447C-8415-A12960AD0F79}.Release|Any CPU.ActiveCfg = Release|Any CPU
		{3C1C89FF-69A1-447C-8415-A12960AD0F79}.Release|Any CPU.Build.0 = Release|Any CPU
		{52294D5F-324E-4694-9779-324A89BA34C1}.Debug|Any CPU.ActiveCfg = Debug|Any CPU
		{52294D5F-324E-4694-9779-324A89BA34C1}.Debug|Any CPU.Build.0 = Debug|Any CPU
		{52294D5F-324E-4694-9779-324A89BA34C1}.Release|Any CPU.ActiveCfg = Release|Any CPU
		{52294D5F-324E-4694-9779-324A89BA34C1}.Release|Any CPU.Build.0 = Release|Any CPU
		{67E4F920-AC1B-4846-87FD-4E9C8A1D1B81}.Debug|Any CPU.ActiveCfg = Debug|Any CPU
		{67E4F920-AC1B-4846-87FD-4E9C8A1D1B81}.Debug|Any CPU.Build.0 = Debug|Any CPU
		{67E4F920-AC1B-4846-87FD-4E9C8A1D1B81}.Release|Any CPU.ActiveCfg = Release|Any CPU
		{67E4F920-AC1B-4846-87FD-4E9C8A1D1B81}.Release|Any CPU.Build.0 = Release|Any CPU
		{AAB6A5DF-C407-4640-8C16-75A642304A8B}.Debug|Any CPU.ActiveCfg = Debug|Any CPU
		{AAB6A5DF-C407-4640-8C16-75A642304A8B}.Debug|Any CPU.Build.0 = Debug|Any CPU
		{AAB6A5DF-C407-4640-8C16-75A642304A8B}.Release|Any CPU.ActiveCfg = Release|Any CPU
		{AAB6A5DF-C407-4640-8C16-75A642304A8B}.Release|Any CPU.Build.0 = Release|Any CPU
		{5B5072ED-1810-455B-9F20-5323B0CD8235}.Debug|Any CPU.ActiveCfg = Debug|Any CPU
		{5B5072ED-1810-455B-9F20-5323B0CD8235}.Debug|Any CPU.Build.0 = Debug|Any CPU
		{5B5072ED-1810-455B-9F20-5323B0CD8235}.Release|Any CPU.ActiveCfg = Release|Any CPU
		{5B5072ED-1810-455B-9F20-5323B0CD8235}.Release|Any CPU.Build.0 = Release|Any CPU
		{B1958245-A5A1-4C36-965D-EA447E7D7CFF}.Debug|Any CPU.ActiveCfg = Debug|Any CPU
		{B1958245-A5A1-4C36-965D-EA447E7D7CFF}.Debug|Any CPU.Build.0 = Debug|Any CPU
		{B1958245-A5A1-4C36-965D-EA447E7D7CFF}.Release|Any CPU.ActiveCfg = Release|Any CPU
		{B1958245-A5A1-4C36-965D-EA447E7D7CFF}.Release|Any CPU.Build.0 = Release|Any CPU
	EndGlobalSection
	GlobalSection(NestedProjects) = preSolution
		{67E4F920-AC1B-4846-87FD-4E9C8A1D1B81} = {9B2C8B40-8996-4B35-B8AC-7D2DDA2D6648}
		{52294D5F-324E-4694-9779-324A89BA34C1} = {9B2C8B40-8996-4B35-B8AC-7D2DDA2D6648}
		{AAB6A5DF-C407-4640-8C16-75A642304A8B} = {9B2C8B40-8996-4B35-B8AC-7D2DDA2D6648}
		{3C1C89FF-69A1-447C-8415-A12960AD0F79} = {9B2C8B40-8996-4B35-B8AC-7D2DDA2D6648}
		{5B5072ED-1810-455B-9F20-5323B0CD8235} = {9B2C8B40-8996-4B35-B8AC-7D2DDA2D6648}
		{B1958245-A5A1-4C36-965D-EA447E7D7CFF} = {F9EEA9BB-0C5B-48EC-A9B6-752928B4E92C}
	EndGlobalSection
EndGlobal
